# THIS IS AN AUTOGENERATED FILE. DO NOT EDIT THIS FILE DIRECTLY.
# yarn lockfile v1


"@types/ovenplayer@^0.10.9":
  version "0.10.9"
  resolved "https://registry.yarnpkg.com/@types/ovenplayer/-/ovenplayer-0.10.9.tgz#83a4bc2a1530acff93784875f3f3c4d7ac59bcfc"
  integrity sha512-X3M77MdNVZJ/o4KfmiddLjWIhIn9XHZ8R2GAKrpZKvZ17JhnV9r+4O5XGvdJpQ/A8TX+up+dZmfZosLwsGDWDw==

core-js@^3.16.3:
  version "3.33.2"
  resolved "https://registry.yarnpkg.com/core-js/-/core-js-3.33.2.tgz#312bbf6996a3a517c04c99b9909cdd27138d1ceb"
  integrity sha512-XeBzWI6QL3nJQiHmdzbAOiMYqjrb7hwU7A39Qhvd/POSa/t9E1AeZyEZx3fNvp/vtM8zXwhoL0FsiS0hD0pruQ==

ovenplayer@^0.10.32:
  version "0.10.32"
  resolved "https://registry.yarnpkg.com/ovenplayer/-/ovenplayer-0.10.32.tgz#6613b4af5eec2dbabd5b29ea9697fea4e2c1099a"
  integrity sha512-S3SKYZV8zQ5QvYd222SjUrvqVzrQgiG3lPphac53vAeL533F7tuA8UTzFHI6OPO31mDSXsyOpq+80DZ/32pZtA==
  dependencies:
    core-js "^3.16.3"
    whatwg-fetch "^3.6.2"

whatwg-fetch@^3.6.2:
  version "3.6.19"
  resolved "https://registry.yarnpkg.com/whatwg-fetch/-/whatwg-fetch-3.6.19.tgz#caefd92ae630b91c07345537e67f8354db470973"
  integrity sha512-d67JP4dHSbm2TrpFj8AbO8DnL1JXL5J9u0Kq2xW6d0TFDbCA3Muhdt8orXC22utleTVj7Prqt82baN6RBvnEgw==
